
Microsoft Visual Studio Solution File, Format Version 12.00
# Visual Studio Version 17
VisualStudioVersion = 17.0.31903.59
MinimumVisualStudioVersion = 10.0.40219.1
Project("{FAE04EC0-301F-11D3-BF4B-00C04F79EFBC}") = "ConsoleApp10", "ConsoleApp10\ConsoleApp10.csproj", "{F18E53E5-9B4A-49DB-B1E4-09937EFCE332}"
EndProject
Global
	GlobalSection(SolutionConfigurationPlatforms) = preSolution
		Debug|Any CPU = Debug|Any CPU
		Release|Any CPU = Release|Any CPU
	EndGlobalSection
	GlobalSection(ProjectConfigurationPlatforms) = postSolution
		{F18E53E5-9B4A-49DB-B1E4-09937EFCE332}.Debug|Any CPU.ActiveCfg = Debug|Any CPU
		{F18E53E5-9B4A-49DB-B1E4-09937EFCE332}.Debug|Any CPU.Build.0 = Debug|Any CPU
		{F18E53E5-9B4A-49DB-B1E4-09937EFCE332}.Release|Any CPU.ActiveCfg = Release|Any CPU
		{F18E53E5-9B4A-49DB-B1E4-09937EFCE332}.Release|Any CPU.Build.0 = Release|Any CPU
	EndGlobalSection
	GlobalSection(SolutionProperties) = preSolution
		HideSolutionNode = FALSE
	EndGlobalSection
	GlobalSection(ExtensibilityGlobals) = postSolution
		SolutionGuid = {A5D7F53E-C41D-47CE-B374-F2E51EF56FBD}
	EndGlobalSection
EndGlobal
